
Microsoft Visual Studio Solution File, Format Version 12.00
# Visual Studio 15
VisualStudioVersion = 15.0.28307.329
MinimumVisualStudioVersion = 10.0.40219.1
Project("{FAE04EC0-301F-11D3-BF4B-00C04F79EFBC}") = "LateRoomsKataCheckout", "LateRoomsKataCheckout\LateRoomsKataCheckout.csproj", "{0A6C8DF8-3701-46FE-93F4-83D06F5EC83C}"
EndProject
Project("{FAE04EC0-301F-11D3-BF4B-00C04F79EFBC}") = "LateRoomsKataCheckoutTestProject", "LateRoomsKataCheckoutTestProject\LateRoomsKataCheckoutTestProject.csproj", "{A0BC6EA6-5505-4789-B2E0-F8BDF6AC9EC9}"
EndProject
Global
	GlobalSection(SolutionConfigurationPlatforms) = preSolution
		Debug|Any CPU = Debug|Any CPU
		Release|Any CPU = Release|Any CPU
	EndGlobalSection
	GlobalSection(ProjectConfigurationPlatforms) = postSolution
		{0A6C8DF8-3701-46FE-93F4-83D06F5EC83C}.Debug|Any CPU.ActiveCfg = Debug|Any CPU
		{0A6C8DF8-3701-46FE-93F4-83D06F5EC83C}.Debug|Any CPU.Build.0 = Debug|Any CPU
		{0A6C8DF8-3701-46FE-93F4-83D06F5EC83C}.Release|Any CPU.ActiveCfg = Release|Any CPU
		{0A6C8DF8-3701-46FE-93F4-83D06F5EC83C}.Release|Any CPU.Build.0 = Release|Any CPU
		{A0BC6EA6-5505-4789-B2E0-F8BDF6AC9EC9}.Debug|Any CPU.ActiveCfg = Debug|Any CPU
		{A0BC6EA6-5505-4789-B2E0-F8BDF6AC9EC9}.Debug|Any CPU.Build.0 = Debug|Any CPU
		{A0BC6EA6-5505-4789-B2E0-F8BDF6AC9EC9}.Release|Any CPU.ActiveCfg = Release|Any CPU
		{A0BC6EA6-5505-4789-B2E0-F8BDF6AC9EC9}.Release|Any CPU.Build.0 = Release|Any CPU
	EndGlobalSection
	GlobalSection(SolutionProperties) = preSolution
		HideSolutionNode = FALSE
	EndGlobalSection
	GlobalSection(ExtensibilityGlobals) = postSolution
		SolutionGuid = {F74D72B4-2240-4308-B1F9-4A3D0C421452}
	EndGlobalSection
EndGlobal
